Microsoft Visual Studio Solution File, Format Version 12.00
Project("{FAE04EC0-301F-11D3-BF4B-00C04F79EFBC}") = "PUSL2020.Web", "src\PUSL2020.Web\PUSL2020.Web.csproj", "{4EF03E64-E19A-483A-9233-8F221FEAF502}"
EndProject
Project("{FAE04EC0-301F-11D3-BF4B-00C04F79EFBC}") = "PUSL2020.Infrastructure", "src\PUSL2020.Infrastructure\PUSL2020.Infrastructure.csproj", "{21364058-2FBC-465D-B2BC-1CC729A71123}"
EndProject
Project("{FAE04EC0-301F-11D3-BF4B-00C04F79EFBC}") = "PUSL2020.Application", "src\PUSL2020.Application\PUSL2020.Application.csproj", "{412A84F9-2C65-49A1-8CB9-F0A9DE275522}"
EndProject
Project("{FAE04EC0-301F-11D3-BF4B-00C04F79EFBC}") = "PUSL2020.Domain", "src\PUSL2020.Domain\PUSL2020.Domain.csproj", "{514A0879-35D0-46D4-9C19-F20982546C79}"
EndProject
Project("{FAE04EC0-301F-11D3-BF4B-00C04F79EFBC}") = "PUSL2020.Web.UI.Tests", "tests\PUSL2020.Web.UI.Tests\PUSL2020.Web.UI.Tests.csproj", "{3A1027CF-3968-4DFC-8746-256D59B31145}"
EndProject
Project("{2150E333-8FDC-42A3-9474-1A3956D46DE8}") = "Docker", "Docker", "{9E982AA6-2E24-40A4-B641-DE4DCC711F13}"
				ProjectSection(SolutionItems) = preProject
								docker-compose.yml = ./deploy/docker-compose.yml
								.dockerignore = .dockerignore
				EndProjectSection
EndProject
Project("{FAE04EC0-301F-11D3-BF4B-00C04F79EFBC}") = "PUSL2020.Infrastructure.Tests", "tests\PUSL2020.Infrastructure.Tests\PUSL2020.Infrastructure.Tests.csproj", "{9AE46A31-EC05-43F5-A619-5B241C076562}"
EndProject
Project("{FAE04EC0-301F-11D3-BF4B-00C04F79EFBC}") = "PUSL2020.Domain.Tests", "tests\PUSL2020.Domain.Tests\PUSL2020.Domain.Tests.csproj", "{DC71ADC4-D3D7-45B4-BF39-DBF764E8964B}"
EndProject
Project("{FAE04EC0-301F-11D3-BF4B-00C04F79EFBC}") = "PUSL2020.Application.Tests", "PUSL2020.Application.Tests\PUSL2020.Application.Tests.csproj", "{47B9C46A-F983-468E-9FD1-E3E29B1B3710}"
EndProject
Project("{FAE04EC0-301F-11D3-BF4B-00C04F79EFBC}") = "PUSL2020.Tests.Shared", "tests\PUSL2020.Tests.Shared\PUSL2020.Tests.Shared.csproj", "{63C3CE17-5BE6-442D-87A0-EF8745479B4B}"
EndProject

Global
	GlobalSection(SolutionConfigurationPlatforms) = preSolution
		Debug|Any CPU = Debug|Any CPU
		Release|Any CPU = Release|Any CPU
	EndGlobalSection
	GlobalSection(ProjectConfigurationPlatforms) = postSolution
		{4EF03E64-E19A-483A-9233-8F221FEAF502}.Debug|Any CPU.ActiveCfg = Debug|Any CPU
		{4EF03E64-E19A-483A-9233-8F221FEAF502}.Debug|Any CPU.Build.0 = Debug|Any CPU
		{4EF03E64-E19A-483A-9233-8F221FEAF502}.Release|Any CPU.ActiveCfg = Release|Any CPU
		{4EF03E64-E19A-483A-9233-8F221FEAF502}.Release|Any CPU.Build.0 = Release|Any CPU
		{21364058-2FBC-465D-B2BC-1CC729A71123}.Debug|Any CPU.ActiveCfg = Debug|Any CPU
		{21364058-2FBC-465D-B2BC-1CC729A71123}.Debug|Any CPU.Build.0 = Debug|Any CPU
		{21364058-2FBC-465D-B2BC-1CC729A71123}.Release|Any CPU.ActiveCfg = Release|Any CPU
		{21364058-2FBC-465D-B2BC-1CC729A71123}.Release|Any CPU.Build.0 = Release|Any CPU
		{412A84F9-2C65-49A1-8CB9-F0A9DE275522}.Debug|Any CPU.ActiveCfg = Debug|Any CPU
		{412A84F9-2C65-49A1-8CB9-F0A9DE275522}.Debug|Any CPU.Build.0 = Debug|Any CPU
		{412A84F9-2C65-49A1-8CB9-F0A9DE275522}.Release|Any CPU.ActiveCfg = Release|Any CPU
		{412A84F9-2C65-49A1-8CB9-F0A9DE275522}.Release|Any CPU.Build.0 = Release|Any CPU
		{514A0879-35D0-46D4-9C19-F20982546C79}.Debug|Any CPU.ActiveCfg = Debug|Any CPU
		{514A0879-35D0-46D4-9C19-F20982546C79}.Debug|Any CPU.Build.0 = Debug|Any CPU
		{514A0879-35D0-46D4-9C19-F20982546C79}.Release|Any CPU.ActiveCfg = Release|Any CPU
		{514A0879-35D0-46D4-9C19-F20982546C79}.Release|Any CPU.Build.0 = Release|Any CPU
		{F1BE2A38-73D9-400D-87B8-2C9E4B5D44EC}.Debug|Any CPU.ActiveCfg = Debug|Any CPU
		{F1BE2A38-73D9-400D-87B8-2C9E4B5D44EC}.Debug|Any CPU.Build.0 = Debug|Any CPU
		{F1BE2A38-73D9-400D-87B8-2C9E4B5D44EC}.Release|Any CPU.ActiveCfg = Release|Any CPU
		{F1BE2A38-73D9-400D-87B8-2C9E4B5D44EC}.Release|Any CPU.Build.0 = Release|Any CPU
		{3A1027CF-3968-4DFC-8746-256D59B31145}.Debug|Any CPU.ActiveCfg = Debug|Any CPU
		{3A1027CF-3968-4DFC-8746-256D59B31145}.Debug|Any CPU.Build.0 = Debug|Any CPU
		{3A1027CF-3968-4DFC-8746-256D59B31145}.Release|Any CPU.ActiveCfg = Release|Any CPU
		{3A1027CF-3968-4DFC-8746-256D59B31145}.Release|Any CPU.Build.0 = Release|Any CPU
		{9AE46A31-EC05-43F5-A619-5B241C076562}.Debug|Any CPU.ActiveCfg = Debug|Any CPU
		{9AE46A31-EC05-43F5-A619-5B241C076562}.Debug|Any CPU.Build.0 = Debug|Any CPU
		{9AE46A31-EC05-43F5-A619-5B241C076562}.Release|Any CPU.ActiveCfg = Release|Any CPU
		{9AE46A31-EC05-43F5-A619-5B241C076562}.Release|Any CPU.Build.0 = Release|Any CPU
		{DC71ADC4-D3D7-45B4-BF39-DBF764E8964B}.Debug|Any CPU.ActiveCfg = Debug|Any CPU
		{DC71ADC4-D3D7-45B4-BF39-DBF764E8964B}.Debug|Any CPU.Build.0 = Debug|Any CPU
		{DC71ADC4-D3D7-45B4-BF39-DBF764E8964B}.Release|Any CPU.ActiveCfg = Release|Any CPU
		{DC71ADC4-D3D7-45B4-BF39-DBF764E8964B}.Release|Any CPU.Build.0 = Release|Any CPU
		{47B9C46A-F983-468E-9FD1-E3E29B1B3710}.Debug|Any CPU.ActiveCfg = Debug|Any CPU
		{47B9C46A-F983-468E-9FD1-E3E29B1B3710}.Debug|Any CPU.Build.0 = Debug|Any CPU
		{47B9C46A-F983-468E-9FD1-E3E29B1B3710}.Release|Any CPU.ActiveCfg = Release|Any CPU
		{47B9C46A-F983-468E-9FD1-E3E29B1B3710}.Release|Any CPU.Build.0 = Release|Any CPU
		{63C3CE17-5BE6-442D-87A0-EF8745479B4B}.Debug|Any CPU.ActiveCfg = Debug|Any CPU
		{63C3CE17-5BE6-442D-87A0-EF8745479B4B}.Debug|Any CPU.Build.0 = Debug|Any CPU
		{63C3CE17-5BE6-442D-87A0-EF8745479B4B}.Release|Any CPU.ActiveCfg = Release|Any CPU
		{63C3CE17-5BE6-442D-87A0-EF8745479B4B}.Release|Any CPU.Build.0 = Release|Any CPU
	EndGlobalSection
EndGlobal
