Microsoft Visual Studio Solution File, Format Version 12.00
Project("{FAE04EC0-301F-11D3-BF4B-00C04F79EFBC}") = "PUSL2020.Web", "src\PUSL2020.Web\PUSL2020.Web\PUSL2020.Web.csproj", "{4EF03E64-E19A-483A-9233-8F221FEAF502}"
EndProject
Project("{FAE04EC0-301F-11D3-BF4B-00C04F79EFBC}") = "PUSL2020.Infrastructure", "src\PUSL2020.Infrastructure\PUSL2020.Infrastructure\PUSL2020.Infrastructure.csproj", "{21364058-2FBC-465D-B2BC-1CC729A71123}"
EndProject
Project("{FAE04EC0-301F-11D3-BF4B-00C04F79EFBC}") = "PUSL2020.Application", "src\PUSL2020.Application\PUSL2020.Application\PUSL2020.Application.csproj", "{412A84F9-2C65-49A1-8CB9-F0A9DE275522}"
EndProject
Project("{FAE04EC0-301F-11D3-BF4B-00C04F79EFBC}") = "PUSL2020.Domain", "src\PUSL2020.Domain\PUSL2020.Domain\PUSL2020.Domain.csproj", "{514A0879-35D0-46D4-9C19-F20982546C79}"
EndProject
Project("{2150E333-8FDC-42A3-9474-1A3956D46DE8}") = "Docker", "Docker", "{9E982AA6-2E24-40A4-B641-DE4DCC711F13}"
    ProjectSection(SolutionItems) = preProject
        docker-compose.yml = ./deploy/docker-compose.yml
        .dockerignore = .dockerignore
    EndProjectSection
EndProject
Global
	GlobalSection(SolutionConfigurationPlatforms) = preSolution
		Debug|Any CPU = Debug|Any CPU
		Release|Any CPU = Release|Any CPU
	EndGlobalSection
	GlobalSection(ProjectConfigurationPlatforms) = postSolution
		{4EF03E64-E19A-483A-9233-8F221FEAF502}.Debug|Any CPU.ActiveCfg = Debug|Any CPU
		{4EF03E64-E19A-483A-9233-8F221FEAF502}.Debug|Any CPU.Build.0 = Debug|Any CPU
		{4EF03E64-E19A-483A-9233-8F221FEAF502}.Release|Any CPU.ActiveCfg = Release|Any CPU
		{4EF03E64-E19A-483A-9233-8F221FEAF502}.Release|Any CPU.Build.0 = Release|Any CPU
		{21364058-2FBC-465D-B2BC-1CC729A71123}.Debug|Any CPU.ActiveCfg = Debug|Any CPU
		{21364058-2FBC-465D-B2BC-1CC729A71123}.Debug|Any CPU.Build.0 = Debug|Any CPU
		{21364058-2FBC-465D-B2BC-1CC729A71123}.Release|Any CPU.ActiveCfg = Release|Any CPU
		{21364058-2FBC-465D-B2BC-1CC729A71123}.Release|Any CPU.Build.0 = Release|Any CPU
		{412A84F9-2C65-49A1-8CB9-F0A9DE275522}.Debug|Any CPU.ActiveCfg = Debug|Any CPU
		{412A84F9-2C65-49A1-8CB9-F0A9DE275522}.Debug|Any CPU.Build.0 = Debug|Any CPU
		{412A84F9-2C65-49A1-8CB9-F0A9DE275522}.Release|Any CPU.ActiveCfg = Release|Any CPU
		{412A84F9-2C65-49A1-8CB9-F0A9DE275522}.Release|Any CPU.Build.0 = Release|Any CPU
		{514A0879-35D0-46D4-9C19-F20982546C79}.Debug|Any CPU.ActiveCfg = Debug|Any CPU
		{514A0879-35D0-46D4-9C19-F20982546C79}.Debug|Any CPU.Build.0 = Debug|Any CPU
		{514A0879-35D0-46D4-9C19-F20982546C79}.Release|Any CPU.ActiveCfg = Release|Any CPU
		{514A0879-35D0-46D4-9C19-F20982546C79}.Release|Any CPU.Build.0 = Release|Any CPU
	EndGlobalSection
EndGlobal
